{
  "name": "lib_prism",
  "version": "1.0.0",
  "lockfileVersion": 1,
  "requires": true,
  "dependencies": {
    "@babel/helper-validator-identifier": {
      "version": "7.12.11",
      "resolved": "https://registry.npmjs.org/@babel/helper-validator-identifier/-/helper-validator-identifier-7.12.11.tgz",
      "integrity": "sha512-np/lG3uARFybkoHokJUmf1QfEvRVCPbmQeUQpKow5cQ3xWrV9i3rUHodKDJPQfTVX61qKi+UdYk8kik84n7XOw=="
    },
    "@babel/parser": {
      "version": "7.12.11",
      "resolved": "https://registry.npmjs.org/@babel/parser/-/parser-7.12.11.tgz",
      "integrity": "sha512-N3UxG+uuF4CMYoNj8AhnbAcJF0PiuJ9KHuy1lQmkYsxTer/MAH9UBNHsBoAX/4s6NvlDD047No8mYVGGzLL4hg=="
    },
    "@babel/types": {
      "version": "7.12.12",
      "resolved": "https://registry.npmjs.org/@babel/types/-/types-7.12.12.tgz",
      "integrity": "sha512-lnIX7piTxOH22xE7fDXDbSHg9MM1/6ORnafpJmov5rs0kX5g4BZxeXNJLXsMRiO0U5Rb8/FvMS6xlTnTHvxonQ==",
      "requires": {
        "@babel/helper-validator-identifier": "^7.12.11",
        "lodash": "^4.17.19",
        "to-fast-properties": "^2.0.0"
      }
    },
    "@pnotify/animate": {
      "version": "5.2.0",
      "resolved": "https://registry.npmjs.org/@pnotify/animate/-/animate-5.2.0.tgz",
      "integrity": "sha512-vVkf4e5HbabA5BJSzq7NxO6OQuGfWqH8HrWsiNwwpG6S0QRIUFeaazeKlVBFoNB/5YScP9kfNQUTNW/WSf/R9g==",
      "requires": {
        "@pnotify/core": "^5.2.0"
      }
    },
    "@pnotify/bootstrap3": {
      "version": "5.2.0",
      "resolved": "https://registry.npmjs.org/@pnotify/bootstrap3/-/bootstrap3-5.2.0.tgz",
      "integrity": "sha512-x+dgybTPFi7KuDiwx407iI2RiJTqk9OyZvXa4cO4lPFHxLqmrxSgTwUjCagdRYizXyXIdKI3VfF86pubPfq3cQ==",
      "requires": {
        "@pnotify/core": "^5.2.0"
      }
    },
    "@pnotify/bootstrap4": {
      "version": "5.2.0",
      "resolved": "https://registry.npmjs.org/@pnotify/bootstrap4/-/bootstrap4-5.2.0.tgz",
      "integrity": "sha512-yjHCpUEAm64BrgGvrjL4+iPrwRkmVU5hL9khjruImFr29oXlA7dufzK1kIapFKNcUpLmu5izfcWHIfqf3rPBuQ==",
      "requires": {
        "@pnotify/core": "^5.2.0"
      }
    },
    "@pnotify/confirm": {
      "version": "5.2.0",
      "resolved": "https://registry.npmjs.org/@pnotify/confirm/-/confirm-5.2.0.tgz",
      "integrity": "sha512-lGiuPu2arjdysjQVrAMLZxGcP3T6+5U5MVzVmA8SjVl9L67mIqcg7EzW1YNwNQynnXVOyWrTLHaI3LeCe2ixag==",
      "requires": {
        "@pnotify/core": "^5.2.0"
      }
    },
    "@pnotify/core": {
      "version": "5.2.0",
      "resolved": "https://registry.npmjs.org/@pnotify/core/-/core-5.2.0.tgz",
      "integrity": "sha512-d9ZM7Q6ZxuwTJ14QbOa7pWmoUqObPis7S1K+TzISffrL8w2f7JigEPI281agLShVAMIsE5SsC6O9YhkutwekbA=="
    },
    "@pnotify/countdown": {
      "version": "5.2.0",
      "resolved": "https://registry.npmjs.org/@pnotify/countdown/-/countdown-5.2.0.tgz",
      "integrity": "sha512-yl2azfUCvx2syJ4BPxYN2EAp07XxNDUHMMR7DsC3X8FhEfWk2+hguyVZRVPlaONU21zrzlCNVRVOapB7uHBFgA==",
      "requires": {
        "@pnotify/core": "^5.2.0"
      }
    },
    "@pnotify/desktop": {
      "version": "5.2.0",
      "resolved": "https://registry.npmjs.org/@pnotify/desktop/-/desktop-5.2.0.tgz",
      "integrity": "sha512-pJ5wBpZWoALO6H7lh04euS9UDQ6b/ZkJXkIP90GhzeeW5drPNKJRCLnLnDGvGCdxnH7ZkXoL9Ez+KtL0V6+joA==",
      "requires": {
        "@pnotify/core": "^5.2.0"
      }
    },
    "@pnotify/font-awesome4": {
      "version": "5.2.0",
      "resolved": "https://registry.npmjs.org/@pnotify/font-awesome4/-/font-awesome4-5.2.0.tgz",
      "integrity": "sha512-meUjDUXWQfRai1jCmC9fb632dLnXauDZ90Bg8kO8KPIhGRAKHg+eRj+Tp3DbiWF5whqOvx0Ig9x6OCExqC+9Yg==",
      "requires": {
        "@pnotify/core": "^5.2.0"
      }
    },
    "@pnotify/font-awesome5": {
      "version": "5.2.0",
      "resolved": "https://registry.npmjs.org/@pnotify/font-awesome5/-/font-awesome5-5.2.0.tgz",
      "integrity": "sha512-zeUIQHhaCTfqITcsRFn1c7+RGny1hDt+YevNWNzAnw+D97YrYZPdMTHtjjtskbwMEa0xK+vtr1Jskggz3fqWpg==",
      "requires": {
        "@pnotify/core": "^5.2.0"
      }
    },
    "@pnotify/font-awesome5-fix": {
      "version": "5.2.0",
      "resolved": "https://registry.npmjs.org/@pnotify/font-awesome5-fix/-/font-awesome5-fix-5.2.0.tgz",
      "integrity": "sha512-2lnaF/kNqij/Cn533f52wo+8gb3u8BLUn+OJn/hQt3de9BiPXwmqnLlq3f8CGL+nF9QEP9vecnr0z2z17LIDOw==",
      "requires": {
        "@pnotify/core": "^5.2.0"
      }
    },
    "@pnotify/glyphicon": {
      "version": "5.2.0",
      "resolved": "https://registry.npmjs.org/@pnotify/glyphicon/-/glyphicon-5.2.0.tgz",
      "integrity": "sha512-e7EYKUNqeIQwsyLeorulGbMzHuraz/cNO5oKf6SRfZahNrGvHDKfJC0we9G2Damq8AlLHAIJU1NlEtLn6ZP/+A==",
      "requires": {
        "@pnotify/core": "^5.2.0"
      }
    },
    "@pnotify/mobile": {
      "version": "5.2.0",
      "resolved": "https://registry.npmjs.org/@pnotify/mobile/-/mobile-5.2.0.tgz",
      "integrity": "sha512-uu0V7h41Y8UTQA6ZB26PcHU7wHu5nwP/FEmMyimHEpEqhrvkzIRD2CxB7zu9SYp3Jk2NFcJC3NiueO3Kh25CVA==",
      "requires": {
        "@pnotify/core": "^5.2.0"
      }
    },
    "@pnotify/paginate": {
      "version": "5.2.0",
      "resolved": "https://registry.npmjs.org/@pnotify/paginate/-/paginate-5.2.0.tgz",
      "integrity": "sha512-Pkj6klpquri8UwFyPteEoGIgd/Q6xBJePuGe/TYBo7jmMFOR72ZoFuxkxWlbyoyXZGHpcfaLk8q9zjsspHhnsw==",
      "requires": {
        "@pnotify/core": "^5.2.0"
      }
    },
    "@pnotify/reference": {
      "version": "5.2.0",
      "resolved": "https://registry.npmjs.org/@pnotify/reference/-/reference-5.2.0.tgz",
      "integrity": "sha512-oPeiS6M9tgwvkQ47vdAzmanIgdVu+n+RaO6/6wrTiJi4zdkuH8PooI8EkHN+IMdpy+EOOJkmPGOvG5Es7pHr0Q==",
      "requires": {
        "@pnotify/core": "^5.2.0"
      }
    },
    "@vue/compiler-core": {
      "version": "3.0.5",
      "resolved": "https://registry.npmjs.org/@vue/compiler-core/-/compiler-core-3.0.5.tgz",
      "integrity": "sha512-iFXwk2gmU/GGwN4hpBwDWWMLvpkIejf/AybcFtlQ5V1ur+5jwfBaV0Y1RXoR6ePfBPJixtKZ3PmN+M+HgMAtfQ==",
      "requires": {
        "@babel/parser": "^7.12.0",
        "@babel/types": "^7.12.0",
        "@vue/shared": "3.0.5",
        "estree-walker": "^2.0.1",
        "source-map": "^0.6.1"
      }
    },
    "@vue/compiler-dom": {
      "version": "3.0.5",
      "resolved": "https://registry.npmjs.org/@vue/compiler-dom/-/compiler-dom-3.0.5.tgz",
      "integrity": "sha512-HSOSe2XSPuCkp20h4+HXSiPH9qkhz6YbW9z9ZtL5vef2T2PMugH7/osIFVSrRZP/Ul5twFZ7MIRlp8tPX6e4/g==",
      "requires": {
        "@vue/compiler-core": "3.0.5",
        "@vue/shared": "3.0.5"
      }
    },
    "@vue/reactivity": {
      "version": "3.0.5",
      "resolved": "https://registry.npmjs.org/@vue/reactivity/-/reactivity-3.0.5.tgz",
      "integrity": "sha512-3xodUE3sEIJgS7ntwUbopIpzzvi7vDAOjVamfb2l+v1FUg0jpd3gf62N2wggJw3fxBMr+QvyxpD+dBoxLsmAjw==",
      "requires": {
        "@vue/shared": "3.0.5"
      }
    },
    "@vue/runtime-core": {
      "version": "3.0.5",
      "resolved": "https://registry.npmjs.org/@vue/runtime-core/-/runtime-core-3.0.5.tgz",
      "integrity": "sha512-Cnyi2NqREwOLcTEsIi1DQX1hHtkVj4eGm4hBG7HhokS05DqpK4/80jG6PCCnCH9rIJDB2FqtaODX397210plXg==",
      "requires": {
        "@vue/reactivity": "3.0.5",
        "@vue/shared": "3.0.5"
      }
    },
    "@vue/runtime-dom": {
      "version": "3.0.5",
      "resolved": "https://registry.npmjs.org/@vue/runtime-dom/-/runtime-dom-3.0.5.tgz",
      "integrity": "sha512-iilX1KySeIzHHtErT6Y44db1rhWK5tAI0CiJIPr+SJoZ2jbjoOSE6ff/jfIQakchbm1d6jq6VtRVnp5xYdOXKA==",
      "requires": {
        "@vue/runtime-core": "3.0.5",
        "@vue/shared": "3.0.5",
        "csstype": "^2.6.8"
      }
    },
    "@vue/shared": {
      "version": "3.0.5",
      "resolved": "https://registry.npmjs.org/@vue/shared/-/shared-3.0.5.tgz",
      "integrity": "sha512-gYsNoGkWejBxNO6SNRjOh/xKeZ0H0V+TFzaPzODfBjkAIb0aQgBuixC1brandC/CDJy1wYPwSoYrXpvul7m6yw=="
    },
    "babel-polyfill": {
      "version": "6.26.0",
      "resolved": "https://registry.npmjs.org/babel-polyfill/-/babel-polyfill-6.26.0.tgz",
      "integrity": "sha1-N5k3q8Z9eJWXCtxiHyhM2WbPIVM=",
      "requires": {
        "babel-runtime": "^6.26.0",
        "core-js": "^2.5.0",
        "regenerator-runtime": "^0.10.5"
      }
    },
    "babel-runtime": {
      "version": "6.26.0",
      "resolved": "https://registry.npmjs.org/babel-runtime/-/babel-runtime-6.26.0.tgz",
      "integrity": "sha1-llxwWGaOgrVde/4E/yM3vItWR/4=",
      "requires": {
        "core-js": "^2.4.0",
        "regenerator-runtime": "^0.11.0"
      },
      "dependencies": {
        "regenerator-runtime": {
          "version": "0.11.1",
          "resolved": "https://registry.npmjs.org/regenerator-runtime/-/regenerator-runtime-0.11.1.tgz",
          "integrity": "sha512-MguG95oij0fC3QV3URf4V2SDYGJhJnJGqvIIgdECeODCT98wSWDAJ94SSuVpYQUoTcGUIL6L4yNB7j1DFFHSBg=="
        }
      }
    },
    "blueimp-canvas-to-blob": {
      "version": "3.28.0",
      "resolved": "https://registry.npmjs.org/blueimp-canvas-to-blob/-/blueimp-canvas-to-blob-3.28.0.tgz",
      "integrity": "sha512-5q+YHzgGsuHQ01iouGgJaPJXod2AzTxJXmVv90PpGrRxU7G7IqgPqWXz+PBmt3520jKKi6irWbNV87DicEa7wg==",
      "optional": true
    },
    "blueimp-file-upload": {
      "version": "10.31.0",
      "resolved": "https://registry.npmjs.org/blueimp-file-upload/-/blueimp-file-upload-10.31.0.tgz",
      "integrity": "sha512-dGAxOf9+SsMDvZPTsIUpe0cOk57taMJYE3FocHEUebhn5BnDbu1hcWOmrP8oswIe6V61Qcm9UDuhq/Pv1t/eRw==",
      "requires": {
        "blueimp-canvas-to-blob": "3",
        "blueimp-load-image": "5",
        "blueimp-tmpl": "3"
      }
    },
    "blueimp-load-image": {
      "version": "5.14.0",
      "resolved": "https://registry.npmjs.org/blueimp-load-image/-/blueimp-load-image-5.14.0.tgz",
      "integrity": "sha512-g5l+4dCOESBG8HkPLdGnBx8dhEwpQHaOZ0en623sl54o3bGhGMLYGc54L5cWfGmPvfKUjbsY7LOAmcW/xlkBSA==",
      "optional": true
    },
    "blueimp-tmpl": {
      "version": "3.19.0",
      "resolved": "https://registry.npmjs.org/blueimp-tmpl/-/blueimp-tmpl-3.19.0.tgz",
      "integrity": "sha512-v8/Vge6U3uwlAjO9TxeHoYl77C1GJDZBN45pUp+39WyHU/VRzYbnGDhRNYvcT6Lh8jihVsXNZttnDpnYVA4m9w==",
      "optional": true
    },
    "core-js": {
      "version": "2.6.10",
      "resolved": "https://registry.npmjs.org/core-js/-/core-js-2.6.10.tgz",
      "integrity": "sha512-I39t74+4t+zau64EN1fE5v2W31Adtc/REhzWN+gWRRXg6WH5qAsZm62DHpQ1+Yhe4047T55jvzz7MUqF/dBBlA=="
    },
    "cropperjs": {
      "version": "1.5.9",
      "resolved": "https://registry.npmjs.org/cropperjs/-/cropperjs-1.5.9.tgz",
      "integrity": "sha512-aPWlg43sLIcYN4GBXIdyvM09wNPgn1ug+vNVwV8jlb3dbgEX/B34Iw6hrjGSajkUDQBmaCi6uPOevFb7N0yUsw=="
    },
    "csstype": {
      "version": "2.6.14",
      "resolved": "https://registry.npmjs.org/csstype/-/csstype-2.6.14.tgz",
      "integrity": "sha512-2mSc+VEpGPblzAxyeR+vZhJKgYg0Og0nnRi7pmRXFYYxSfnOnW8A5wwQb4n4cE2nIOzqKOAzLCaEX6aBmNEv8A=="
    },
    "dom-create-element-query-selector": {
      "version": "1.0.5",
      "resolved": "https://registry.npmjs.org/dom-create-element-query-selector/-/dom-create-element-query-selector-1.0.5.tgz",
      "integrity": "sha1-fWUEURy1gKb6I67v6FwxXosLyns="
    },
    "estree-walker": {
      "version": "2.0.2",
      "resolved": "https://registry.npmjs.org/estree-walker/-/estree-walker-2.0.2.tgz",
      "integrity": "sha512-Rfkk/Mp/DL7JVje3u18FxFujQlTNR2q6QfMSMB7AvCBx91NGj/ba3kCfza0f6dVDbw7YlRf/nDrn7pQrCCyQ/w=="
    },
    "is-loading": {
      "version": "2.0.4",
      "resolved": "https://registry.npmjs.org/is-loading/-/is-loading-2.0.4.tgz",
      "integrity": "sha512-l67i4djPS/PqKxRWF/AACzktPsMM66peIJHPUBc3RRVmERBTp0IO44O5eNBP+WCMgXNem5MP1yoPmNVUqW/Ohw==",
      "requires": {
        "babel-polyfill": "^6.23.0",
        "dom-create-element-query-selector": "^1.0.5"
      }
    },
    "jquery": {
      "version": "3.5.1",
      "resolved": "https://registry.npmjs.org/jquery/-/jquery-3.5.1.tgz",
      "integrity": "sha512-XwIBPqcMn57FxfT+Go5pzySnm4KWkT1Tv7gjrpT1srtf8Weynl6R273VJ5GjkRb51IzMp5nbaPjJXMWeju2MKg=="
    },
    "js-loading-overlay": {
      "version": "1.2.0",
      "resolved": "https://registry.npmjs.org/js-loading-overlay/-/js-loading-overlay-1.2.0.tgz",
      "integrity": "sha512-1No+SmLxzclgGr1wvJbfp1cCnEF+GsWJUJHv8URu/9YJW/BnNdWrYFYIw/gKXDJWFr/ZdR+9gnbJbND+vn+z4Q=="
    },
    "lodash": {
      "version": "4.17.20",
      "resolved": "https://registry.npmjs.org/lodash/-/lodash-4.17.20.tgz",
      "integrity": "sha512-PlhdFcillOINfeV7Ni6oF1TAEayyZBoZ8bcshTHqOYJYlrqzRK5hagpagky5o4HfCzzd1TRkXPMFq6cKk9rGmA=="
    },
    "modaal": {
      "version": "0.4.4",
      "resolved": "https://registry.npmjs.org/modaal/-/modaal-0.4.4.tgz",
      "integrity": "sha512-3/0FhHt7TAmWXNiphxCFHct3RGklkR2xjo+w9zS+9WmUevwRBI3aNL1tBo77KRh0+Ys0i4UD1r32LNlUiMb/Cw=="
    },
    "moment": {
      "version": "2.29.1",
      "resolved": "https://registry.npmjs.org/moment/-/moment-2.29.1.tgz",
      "integrity": "sha512-kHmoybcPV8Sqy59DwNDY3Jefr64lK/by/da0ViFcuA4DH0vQg5Q6Ze5VimxkfQNSC+Mls/Kx53s7TjP1RhFEDQ=="
    },
    "parsleyjs": {
      "version": "2.9.2",
      "resolved": "https://registry.npmjs.org/parsleyjs/-/parsleyjs-2.9.2.tgz",
      "integrity": "sha512-DKS2XXTjEUZ1BJWUzgXAr+550kFBZrom2WYweubqdV7WzdNC1hjOajZDfeBPoAZMkXumJPlB3v37IKatbiW8zQ==",
      "requires": {
        "jquery": ">=1.8.0"
      }
    },
    "pnotify": {
      "version": "5.2.0",
      "resolved": "https://registry.npmjs.org/pnotify/-/pnotify-5.2.0.tgz",
      "integrity": "sha512-1Ydx5oMiq+b23HVwmM/v8t97Prq/FmqRPK8RGxDb0c9GzYePFb7DvvUQbtbdghVR6YlcPAfT4P/hEKhT5Ic6xg==",
      "requires": {
        "@pnotify/animate": "5.2.0",
        "@pnotify/bootstrap3": "5.2.0",
        "@pnotify/bootstrap4": "5.2.0",
        "@pnotify/confirm": "5.2.0",
        "@pnotify/core": "5.2.0",
        "@pnotify/countdown": "5.2.0",
        "@pnotify/desktop": "5.2.0",
        "@pnotify/font-awesome4": "5.2.0",
        "@pnotify/font-awesome5": "5.2.0",
        "@pnotify/font-awesome5-fix": "5.2.0",
        "@pnotify/glyphicon": "5.2.0",
        "@pnotify/mobile": "5.2.0",
        "@pnotify/paginate": "5.2.0",
        "@pnotify/reference": "5.2.0"
      }
    },
    "readmore-js": {
      "version": "2.2.1",
      "resolved": "https://registry.npmjs.org/readmore-js/-/readmore-js-2.2.1.tgz",
      "integrity": "sha512-hbPP0nQpYYkAywCEZ8ozHivvhWyHic37KJ2IXrHES4qzjp0+nmw8R33MeyMAtXBZfXX4Es8cpd5JBVf9qj47+Q==",
      "requires": {
        "jquery": ">2.1.4"
      }
    },
    "regenerator-runtime": {
      "version": "0.10.5",
      "resolved": "https://registry.npmjs.org/regenerator-runtime/-/regenerator-runtime-0.10.5.tgz",
      "integrity": "sha1-M2w+/BIgrc7dosn6tntaeVWjNlg="
    },
    "source-map": {
      "version": "0.6.1",
      "resolved": "https://registry.npmjs.org/source-map/-/source-map-0.6.1.tgz",
      "integrity": "sha512-UjgapumWlbMhkBgzT7Ykc5YXUT46F0iKu8SGXq0bcwP5dz/h0Plj6enJqjz1Zbq2l5WaqYnrVbwWOWMyF3F47g=="
    },
    "sweetalert2": {
      "version": "10.13.3",
      "resolved": "https://registry.npmjs.org/sweetalert2/-/sweetalert2-10.13.3.tgz",
      "integrity": "sha512-kSvTkXvc59+vPf9CfZ/wc/uvFkccxoOMLK1aUibN0mXU4hbYg/NylBTlmfvuUjJQ5SWL3X6s8w7AG5croH8U1w=="
    },
    "to-fast-properties": {
      "version": "2.0.0",
      "resolved": "https://registry.npmjs.org/to-fast-properties/-/to-fast-properties-2.0.0.tgz",
      "integrity": "sha1-3F5pjL0HkmW8c+A3doGk5Og/YW4="
    },
    "tooltipster": {
      "version": "4.2.8",
      "resolved": "https://registry.npmjs.org/tooltipster/-/tooltipster-4.2.8.tgz",
      "integrity": "sha512-Znmbt5UMzaiFCRlVaRtfRZYQqxrmNlj1+3xX/aT0OiA3xkQZhXYGbLJmZPigx0YiReYZpO7Lm2XKbUxXsiU/pg=="
    },
    "vue": {
      "version": "3.0.5",
      "resolved": "https://registry.npmjs.org/vue/-/vue-3.0.5.tgz",
      "integrity": "sha512-TfaprOmtsAfhQau7WsomXZ8d9op/dkQLNIq8qPV3A0Vxs6GR5E+c1rfJS1SDkXRQj+dFyfnec7+U0Be1huiScg==",
      "requires": {
        "@vue/compiler-dom": "3.0.5",
        "@vue/runtime-dom": "3.0.5",
        "@vue/shared": "3.0.5"
      }
    }
  }
}
